
Microsoft Visual Studio Solution File, Format Version 12.00
# Visual Studio 15
Project("{FAE04EC0-301F-11D3-BF4B-00C04F79EFBC}") = "Assembly-CSharp", "Assembly-CSharp.csproj", "{DE3C2B6B-E11C-F126-B86F-758E90A66D6A}"
EndProject
Project("{FAE04EC0-301F-11D3-BF4B-00C04F79EFBC}") = "Assembly-CSharp-firstpass", "Assembly-CSharp-firstpass.csproj", "{DFF8CA97-9701-DC18-E7F6-42BE1E09A339}"
EndProject
Project("{FAE04EC0-301F-11D3-BF4B-00C04F79EFBC}") = "Assembly-CSharp-Editor-firstpass", "Assembly-CSharp-Editor-firstpass.csproj", "{BA4B6BE4-529C-C117-2749-76836881AD7A}"
EndProject
Global
	GlobalSection(SolutionConfigurationPlatforms) = preSolution
		Debug|Any CPU = Debug|Any CPU
		Release|Any CPU = Release|Any CPU
	EndGlobalSection
	GlobalSection(ProjectConfigurationPlatforms) = postSolution
		{DE3C2B6B-E11C-F126-B86F-758E90A66D6A}.Debug|Any CPU.ActiveCfg = Debug|Any CPU
		{DE3C2B6B-E11C-F126-B86F-758E90A66D6A}.Debug|Any CPU.Build.0 = Debug|Any CPU
		{DE3C2B6B-E11C-F126-B86F-758E90A66D6A}.Release|Any CPU.ActiveCfg = Release|Any CPU
		{DE3C2B6B-E11C-F126-B86F-758E90A66D6A}.Release|Any CPU.Build.0 = Release|Any CPU
		{DFF8CA97-9701-DC18-E7F6-42BE1E09A339}.Debug|Any CPU.ActiveCfg = Debug|Any CPU
		{DFF8CA97-9701-DC18-E7F6-42BE1E09A339}.Debug|Any CPU.Build.0 = Debug|Any CPU
		{DFF8CA97-9701-DC18-E7F6-42BE1E09A339}.Release|Any CPU.ActiveCfg = Release|Any CPU
		{DFF8CA97-9701-DC18-E7F6-42BE1E09A339}.Release|Any CPU.Build.0 = Release|Any CPU
		{BA4B6BE4-529C-C117-2749-76836881AD7A}.Debug|Any CPU.ActiveCfg = Debug|Any CPU
		{BA4B6BE4-529C-C117-2749-76836881AD7A}.Debug|Any CPU.Build.0 = Debug|Any CPU
		{BA4B6BE4-529C-C117-2749-76836881AD7A}.Release|Any CPU.ActiveCfg = Release|Any CPU
		{BA4B6BE4-529C-C117-2749-76836881AD7A}.Release|Any CPU.Build.0 = Release|Any CPU
	EndGlobalSection
	GlobalSection(SolutionProperties) = preSolution
		HideSolutionNode = FALSE
	EndGlobalSection
EndGlobal
