
Microsoft Visual Studio Solution File, Format Version 12.00
# Visual Studio 15
Project("{FAE04EC0-301F-11D3-BF4B-00C04F79EFBC}") = "Assembly-CSharp", "Assembly-CSharp.csproj", "{BF3F2D37-4DBA-D7D1-B3DF-672BFD8A592F}"
EndProject
Project("{FAE04EC0-301F-11D3-BF4B-00C04F79EFBC}") = "Assembly-CSharp-firstpass", "Assembly-CSharp-firstpass.csproj", "{17349486-EF72-7FF1-6950-6B72FED496FB}"
EndProject
Project("{FAE04EC0-301F-11D3-BF4B-00C04F79EFBC}") = "Assembly-CSharp-Editor-firstpass", "Assembly-CSharp-Editor-firstpass.csproj", "{620107F7-3796-C065-DA0A-2F6AD1435D67}"
EndProject
Global
	GlobalSection(SolutionConfigurationPlatforms) = preSolution
		Debug|Any CPU = Debug|Any CPU
		Release|Any CPU = Release|Any CPU
	EndGlobalSection
	GlobalSection(ProjectConfigurationPlatforms) = postSolution
		{BF3F2D37-4DBA-D7D1-B3DF-672BFD8A592F}.Debug|Any CPU.ActiveCfg = Debug|Any CPU
		{BF3F2D37-4DBA-D7D1-B3DF-672BFD8A592F}.Debug|Any CPU.Build.0 = Debug|Any CPU
		{BF3F2D37-4DBA-D7D1-B3DF-672BFD8A592F}.Release|Any CPU.ActiveCfg = Release|Any CPU
		{BF3F2D37-4DBA-D7D1-B3DF-672BFD8A592F}.Release|Any CPU.Build.0 = Release|Any CPU
		{17349486-EF72-7FF1-6950-6B72FED496FB}.Debug|Any CPU.ActiveCfg = Debug|Any CPU
		{17349486-EF72-7FF1-6950-6B72FED496FB}.Debug|Any CPU.Build.0 = Debug|Any CPU
		{17349486-EF72-7FF1-6950-6B72FED496FB}.Release|Any CPU.ActiveCfg = Release|Any CPU
		{17349486-EF72-7FF1-6950-6B72FED496FB}.Release|Any CPU.Build.0 = Release|Any CPU
		{620107F7-3796-C065-DA0A-2F6AD1435D67}.Debug|Any CPU.ActiveCfg = Debug|Any CPU
		{620107F7-3796-C065-DA0A-2F6AD1435D67}.Debug|Any CPU.Build.0 = Debug|Any CPU
		{620107F7-3796-C065-DA0A-2F6AD1435D67}.Release|Any CPU.ActiveCfg = Release|Any CPU
		{620107F7-3796-C065-DA0A-2F6AD1435D67}.Release|Any CPU.Build.0 = Release|Any CPU
	EndGlobalSection
	GlobalSection(SolutionProperties) = preSolution
		HideSolutionNode = FALSE
	EndGlobalSection
EndGlobal
